
Microsoft Visual Studio Solution File, Format Version 12.00
# Visual Studio Version 16
VisualStudioVersion = 16.0.35130.168
MinimumVisualStudioVersion = 10.0.40219.1
Project("{FAE04EC0-301F-11D3-BF4B-00C04F79EFBC}") = "Bank", "Bank\Bank.csproj", "{3DD99201-BB3D-471A-A97C-D7CFDE61D43E}"
EndProject
Project("{FAE04EC0-301F-11D3-BF4B-00C04F79EFBC}") = "BankTests", "BankTests\BankTests.csproj", "{EA693409-5F11-4AE2-88AE-5E16E8689D6F}"
EndProject
Global
	GlobalSection(SolutionConfigurationPlatforms) = preSolution
		Debug|Any CPU = Debug|Any CPU
		Release|Any CPU = Release|Any CPU
	EndGlobalSection
	GlobalSection(ProjectConfigurationPlatforms) = postSolution
		{3DD99201-BB3D-471A-A97C-D7CFDE61D43E}.Debug|Any CPU.ActiveCfg = Debug|Any CPU
		{3DD99201-BB3D-471A-A97C-D7CFDE61D43E}.Debug|Any CPU.Build.0 = Debug|Any CPU
		{3DD99201-BB3D-471A-A97C-D7CFDE61D43E}.Release|Any CPU.ActiveCfg = Release|Any CPU
		{3DD99201-BB3D-471A-A97C-D7CFDE61D43E}.Release|Any CPU.Build.0 = Release|Any CPU
		{EA693409-5F11-4AE2-88AE-5E16E8689D6F}.Debug|Any CPU.ActiveCfg = Debug|Any CPU
		{EA693409-5F11-4AE2-88AE-5E16E8689D6F}.Debug|Any CPU.Build.0 = Debug|Any CPU
		{EA693409-5F11-4AE2-88AE-5E16E8689D6F}.Release|Any CPU.ActiveCfg = Release|Any CPU
		{EA693409-5F11-4AE2-88AE-5E16E8689D6F}.Release|Any CPU.Build.0 = Release|Any CPU
	EndGlobalSection
	GlobalSection(SolutionProperties) = preSolution
		HideSolutionNode = FALSE
	EndGlobalSection
	GlobalSection(ExtensibilityGlobals) = postSolution
		SolutionGuid = {3B3A9286-579E-449D-9DB1-36D38F18972F}
	EndGlobalSection
EndGlobal
